
Microsoft Visual Studio Solution File, Format Version 12.00
# Visual Studio Version 16
VisualStudioVersion = 16.0.29306.81
MinimumVisualStudioVersion = 10.0.40219.1
Project("{FAE04EC0-301F-11D3-BF4B-00C04F79EFBC}") = "gyak_6", "gyak_6\gyak_6.csproj", "{58B19878-F8FC-4C40-A0E2-C2FAED11D721}"
EndProject
Global
	GlobalSection(SolutionConfigurationPlatforms) = preSolution
		Debug|Any CPU = Debug|Any CPU
		Release|Any CPU = Release|Any CPU
	EndGlobalSection
	GlobalSection(ProjectConfigurationPlatforms) = postSolution
		{58B19878-F8FC-4C40-A0E2-C2FAED11D721}.Debug|Any CPU.ActiveCfg = Debug|Any CPU
		{58B19878-F8FC-4C40-A0E2-C2FAED11D721}.Debug|Any CPU.Build.0 = Debug|Any CPU
		{58B19878-F8FC-4C40-A0E2-C2FAED11D721}.Release|Any CPU.ActiveCfg = Release|Any CPU
		{58B19878-F8FC-4C40-A0E2-C2FAED11D721}.Release|Any CPU.Build.0 = Release|Any CPU
	EndGlobalSection
	GlobalSection(SolutionProperties) = preSolution
		HideSolutionNode = FALSE
	EndGlobalSection
	GlobalSection(ExtensibilityGlobals) = postSolution
		SolutionGuid = {412A1383-E1DC-43FC-8F86-7466CFF9D441}
	EndGlobalSection
EndGlobal
